// !$*UTF8*$!
{
	archiveVersion = 1;
	classes = {
	};
	objectVersion = 56;
	objects = {

/* Begin PBXBuildFile section */
		E1875AFF2CAE52400031C173 /* ComponentsApp.swift in Sources */ = {isa = PBXBuildFile; fileRef = E1875AFE2CAE52400031C173 /* ComponentsApp.swift */; };
		E1875B012CAE52400031C173 /* ContentView.swift in Sources */ = {isa = PBXBuildFile; fileRef = E1875B002CAE52400031C173 /* ContentView.swift */; };
		E1875B032CAE52440031C173 /* Assets.xcassets in Resources */ = {isa = PBXBuildFile; fileRef = E1875B022CAE52440031C173 /* Assets.xcassets */; };
		E1875B062CAE52440031C173 /* Preview Assets.xcassets in Resources */ = {isa = PBXBuildFile; fileRef = E1875B052CAE52440031C173 /* Preview Assets.xcassets */; };
		E1875B102CAE52440031C173 /* ComponentsTests.swift in Sources */ = {isa = PBXBuildFile; fileRef = E1875B0F2CAE52440031C173 /* ComponentsTests.swift */; };
		E1875B1A2CAE52440031C173 /* ComponentsUITests.swift in Sources */ = {isa = PBXBuildFile; fileRef = E1875B192CAE52440031C173 /* ComponentsUITests.swift */; };
		E1875B1C2CAE52440031C173 /* ComponentsUITestsLaunchTests.swift in Sources */ = {isa = PBXBuildFile; fileRef = E1875B1B2CAE52440031C173 /* ComponentsUITestsLaunchTests.swift */; };
		E1875B2A2CAE52CC0031C173 /* ProductsView.swift in Sources */ = {isa = PBXBuildFile; fileRef = E1875B292CAE52CC0031C173 /* ProductsView.swift */; };
		E1875B2B2CAE52CC0031C173 /* ProductsView.swift in Sources */ = {isa = PBXBuildFile; fileRef = E1875B292CAE52CC0031C173 /* ProductsView.swift */; };
		E1875B2C2CAE52CC0031C173 /* ProductsView.swift in Sources */ = {isa = PBXBuildFile; fileRef = E1875B292CAE52CC0031C173 /* ProductsView.swift */; };
		E1875B2E2CAE53300031C173 /* Products.json in Resources */ = {isa = PBXBuildFile; fileRef = E1875B2D2CAE53300031C173 /* Products.json */; };
		E1875B2F2CAE53300031C173 /* Products.json in Resources */ = {isa = PBXBuildFile; fileRef = E1875B2D2CAE53300031C173 /* Products.json */; };
		E1875B302CAE53300031C173 /* Products.json in Resources */ = {isa = PBXBuildFile; fileRef = E1875B2D2CAE53300031C173 /* Products.json */; };
		E1875B322CAE553F0031C173 /* Products.swift in Sources */ = {isa = PBXBuildFile; fileRef = E1875B312CAE553F0031C173 /* Products.swift */; };
		E1875B332CAE553F0031C173 /* Products.swift in Sources */ = {isa = PBXBuildFile; fileRef = E1875B312CAE553F0031C173 /* Products.swift */; };
		E1875B342CAE553F0031C173 /* Products.swift in Sources */ = {isa = PBXBuildFile; fileRef = E1875B312CAE553F0031C173 /* Products.swift */; };
		E1875B362CAE565A0031C173 /* ProductCell.swift in Sources */ = {isa = PBXBuildFile; fileRef = E1875B352CAE565A0031C173 /* ProductCell.swift */; };
		E1875B372CAE565A0031C173 /* ProductCell.swift in Sources */ = {isa = PBXBuildFile; fileRef = E1875B352CAE565A0031C173 /* ProductCell.swift */; };
		E1875B382CAE565A0031C173 /* ProductCell.swift in Sources */ = {isa = PBXBuildFile; fileRef = E1875B352CAE565A0031C173 /* ProductCell.swift */; };
		E1875B432CB398150031C173 /* Bundle+Extension.swift in Sources */ = {isa = PBXBuildFile; fileRef = E1875B422CB398150031C173 /* Bundle+Extension.swift */; };
		E1875B442CB398150031C173 /* Bundle+Extension.swift in Sources */ = {isa = PBXBuildFile; fileRef = E1875B422CB398150031C173 /* Bundle+Extension.swift */; };
		E1875B452CB398150031C173 /* Bundle+Extension.swift in Sources */ = {isa = PBXBuildFile; fileRef = E1875B422CB398150031C173 /* Bundle+Extension.swift */; };
		E1875B472CB398D10031C173 /* ComponentError.swift in Sources */ = {isa = PBXBuildFile; fileRef = E1875B462CB398D10031C173 /* ComponentError.swift */; };
		E1875B482CB398D10031C173 /* ComponentError.swift in Sources */ = {isa = PBXBuildFile; fileRef = E1875B462CB398D10031C173 /* ComponentError.swift */; };
		E1875B492CB398D10031C173 /* ComponentError.swift in Sources */ = {isa = PBXBuildFile; fileRef = E1875B462CB398D10031C173 /* ComponentError.swift */; };
		E1875B4B2CB39B750031C173 /* ProductDetailView.swift in Sources */ = {isa = PBXBuildFile; fileRef = E1875B4A2CB39B750031C173 /* ProductDetailView.swift */; };
		E1875B4C2CB39B750031C173 /* ProductDetailView.swift in Sources */ = {isa = PBXBuildFile; fileRef = E1875B4A2CB39B750031C173 /* ProductDetailView.swift */; };
		E1875B4D2CB39B750031C173 /* ProductDetailView.swift in Sources */ = {isa = PBXBuildFile; fileRef = E1875B4A2CB39B750031C173 /* ProductDetailView.swift */; };
		E1875B552CB63C890031C173 /* TabBar.swift in Sources */ = {isa = PBXBuildFile; fileRef = E1875B542CB63C890031C173 /* TabBar.swift */; };
		E1875B562CB63C890031C173 /* TabBar.swift in Sources */ = {isa = PBXBuildFile; fileRef = E1875B542CB63C890031C173 /* TabBar.swift */; };
		E1875B572CB63C890031C173 /* TabBar.swift in Sources */ = {isa = PBXBuildFile; fileRef = E1875B542CB63C890031C173 /* TabBar.swift */; };
		E1875B5A2CB63F7B0031C173 /* LoginView.swift in Sources */ = {isa = PBXBuildFile; fileRef = E1875B592CB63F7B0031C173 /* LoginView.swift */; };
		E1875B5B2CB63F7B0031C173 /* LoginView.swift in Sources */ = {isa = PBXBuildFile; fileRef = E1875B592CB63F7B0031C173 /* LoginView.swift */; };
		E1875B5C2CB63F7C0031C173 /* LoginView.swift in Sources */ = {isa = PBXBuildFile; fileRef = E1875B592CB63F7B0031C173 /* LoginView.swift */; };
/* End PBXBuildFile section */

/* Begin PBXContainerItemProxy section */
		E1875B0C2CAE52440031C173 /* PBXContainerItemProxy */ = {
			isa = PBXContainerItemProxy;
			containerPortal = E1875AF32CAE52400031C173 /* Project object */;
			proxyType = 1;
			remoteGlobalIDString = E1875AFA2CAE52400031C173;
			remoteInfo = Components;
		};
		E1875B162CAE52440031C173 /* PBXContainerItemProxy */ = {
			isa = PBXContainerItemProxy;
			containerPortal = E1875AF32CAE52400031C173 /* Project object */;
			proxyType = 1;
			remoteGlobalIDString = E1875AFA2CAE52400031C173;
			remoteInfo = Components;
		};
/* End PBXContainerItemProxy section */

/* Begin PBXFileReference section */
		E1875AFB2CAE52400031C173 /* Components.app */ = {isa = PBXFileReference; explicitFileType = wrapper.application; includeInIndex = 0; path = Components.app; sourceTree = BUILT_PRODUCTS_DIR; };
		E1875AFE2CAE52400031C173 /* ComponentsApp.swift */ = {isa = PBXFileReference; lastKnownFileType = sourcecode.swift; path = ComponentsApp.swift; sourceTree = "<group>"; };
		E1875B002CAE52400031C173 /* ContentView.swift */ = {isa = PBXFileReference; lastKnownFileType = sourcecode.swift; path = ContentView.swift; sourceTree = "<group>"; };
		E1875B022CAE52440031C173 /* Assets.xcassets */ = {isa = PBXFileReference; lastKnownFileType = folder.assetcatalog; path = Assets.xcassets; sourceTree = "<group>"; };
		E1875B052CAE52440031C173 /* Preview Assets.xcassets */ = {isa = PBXFileReference; lastKnownFileType = folder.assetcatalog; path = "Preview Assets.xcassets"; sourceTree = "<group>"; };
		E1875B0B2CAE52440031C173 /* ComponentsTests.xctest */ = {isa = PBXFileReference; explicitFileType = wrapper.cfbundle; includeInIndex = 0; path = ComponentsTests.xctest; sourceTree = BUILT_PRODUCTS_DIR; };
		E1875B0F2CAE52440031C173 /* ComponentsTests.swift */ = {isa = PBXFileReference; lastKnownFileType = sourcecode.swift; path = ComponentsTests.swift; sourceTree = "<group>"; };
		E1875B152CAE52440031C173 /* ComponentsUITests.xctest */ = {isa = PBXFileReference; explicitFileType = wrapper.cfbundle; includeInIndex = 0; path = ComponentsUITests.xctest; sourceTree = BUILT_PRODUCTS_DIR; };
		E1875B192CAE52440031C173 /* ComponentsUITests.swift */ = {isa = PBXFileReference; lastKnownFileType = sourcecode.swift; path = ComponentsUITests.swift; sourceTree = "<group>"; };
		E1875B1B2CAE52440031C173 /* ComponentsUITestsLaunchTests.swift */ = {isa = PBXFileReference; lastKnownFileType = sourcecode.swift; path = ComponentsUITestsLaunchTests.swift; sourceTree = "<group>"; };
		E1875B292CAE52CC0031C173 /* ProductsView.swift */ = {isa = PBXFileReference; lastKnownFileType = sourcecode.swift; path = ProductsView.swift; sourceTree = "<group>"; };
		E1875B2D2CAE53300031C173 /* Products.json */ = {isa = PBXFileReference; fileEncoding = 4; lastKnownFileType = text.json; path = Products.json; sourceTree = "<group>"; };
		E1875B312CAE553F0031C173 /* Products.swift */ = {isa = PBXFileReference; lastKnownFileType = sourcecode.swift; path = Products.swift; sourceTree = "<group>"; };
		E1875B352CAE565A0031C173 /* ProductCell.swift */ = {isa = PBXFileReference; lastKnownFileType = sourcecode.swift; path = ProductCell.swift; sourceTree = "<group>"; };
		E1875B422CB398150031C173 /* Bundle+Extension.swift */ = {isa = PBXFileReference; lastKnownFileType = sourcecode.swift; path = "Bundle+Extension.swift"; sourceTree = "<group>"; };
		E1875B462CB398D10031C173 /* ComponentError.swift */ = {isa = PBXFileReference; lastKnownFileType = sourcecode.swift; path = ComponentError.swift; sourceTree = "<group>"; };
		E1875B4A2CB39B750031C173 /* ProductDetailView.swift */ = {isa = PBXFileReference; lastKnownFileType = sourcecode.swift; path = ProductDetailView.swift; sourceTree = "<group>"; };
		E1875B542CB63C890031C173 /* TabBar.swift */ = {isa = PBXFileReference; lastKnownFileType = sourcecode.swift; path = TabBar.swift; sourceTree = "<group>"; };
		E1875B592CB63F7B0031C173 /* LoginView.swift */ = {isa = PBXFileReference; lastKnownFileType = sourcecode.swift; path = LoginView.swift; sourceTree = "<group>"; };
/* End PBXFileReference section */

/* Begin PBXFrameworksBuildPhase section */
		E1875AF82CAE52400031C173 /* Frameworks */ = {
			isa = PBXFrameworksBuildPhase;
			buildActionMask = 2147483647;
			files = (
			);
			runOnlyForDeploymentPostprocessing = 0;
		};
		E1875B082CAE52440031C173 /* Frameworks */ = {
			isa = PBXFrameworksBuildPhase;
			buildActionMask = 2147483647;
			files = (
			);
			runOnlyForDeploymentPostprocessing = 0;
		};
		E1875B122CAE52440031C173 /* Frameworks */ = {
			isa = PBXFrameworksBuildPhase;
			buildActionMask = 2147483647;
			files = (
			);
			runOnlyForDeploymentPostprocessing = 0;
		};
/* End PBXFrameworksBuildPhase section */

/* Begin PBXGroup section */
		E1875AF22CAE52400031C173 = {
			isa = PBXGroup;
			children = (
				E1875AFD2CAE52400031C173 /* Components */,
				E1875B0E2CAE52440031C173 /* ComponentsTests */,
				E1875B182CAE52440031C173 /* ComponentsUITests */,
				E1875AFC2CAE52400031C173 /* Products */,
			);
			sourceTree = "<group>";
		};
		E1875AFC2CAE52400031C173 /* Products */ = {
			isa = PBXGroup;
			children = (
				E1875AFB2CAE52400031C173 /* Components.app */,
				E1875B0B2CAE52440031C173 /* ComponentsTests.xctest */,
				E1875B152CAE52440031C173 /* ComponentsUITests.xctest */,
			);
			name = Products;
			sourceTree = "<group>";
		};
		E1875AFD2CAE52400031C173 /* Components */ = {
			isa = PBXGroup;
			children = (
				E1875B582CB63F6F0031C173 /* Login */,
				E1875B412CB397EC0031C173 /* Utility */,
				E1875B282CAE52A30031C173 /* List View */,
				E1875B532CB63C6F0031C173 /* Tab Bar  */,
				E1875AFE2CAE52400031C173 /* ComponentsApp.swift */,
				E1875B002CAE52400031C173 /* ContentView.swift */,
				E1875B022CAE52440031C173 /* Assets.xcassets */,
				E1875B042CAE52440031C173 /* Preview Content */,
			);
			path = Components;
			sourceTree = "<group>";
		};
		E1875B042CAE52440031C173 /* Preview Content */ = {
			isa = PBXGroup;
			children = (
				E1875B052CAE52440031C173 /* Preview Assets.xcassets */,
			);
			path = "Preview Content";
			sourceTree = "<group>";
		};
		E1875B0E2CAE52440031C173 /* ComponentsTests */ = {
			isa = PBXGroup;
			children = (
				E1875B0F2CAE52440031C173 /* ComponentsTests.swift */,
			);
			path = ComponentsTests;
			sourceTree = "<group>";
		};
		E1875B182CAE52440031C173 /* ComponentsUITests */ = {
			isa = PBXGroup;
			children = (
				E1875B192CAE52440031C173 /* ComponentsUITests.swift */,
				E1875B1B2CAE52440031C173 /* ComponentsUITestsLaunchTests.swift */,
			);
			path = ComponentsUITests;
			sourceTree = "<group>";
		};
		E1875B282CAE52A30031C173 /* List View */ = {
			isa = PBXGroup;
			children = (
				E1875B2D2CAE53300031C173 /* Products.json */,
				E1875B312CAE553F0031C173 /* Products.swift */,
				E1875B292CAE52CC0031C173 /* ProductsView.swift */,
				E1875B352CAE565A0031C173 /* ProductCell.swift */,
				E1875B4A2CB39B750031C173 /* ProductDetailView.swift */,
			);
			path = "List View";
			sourceTree = "<group>";
		};
		E1875B412CB397EC0031C173 /* Utility */ = {
			isa = PBXGroup;
			children = (
				E1875B422CB398150031C173 /* Bundle+Extension.swift */,
				E1875B462CB398D10031C173 /* ComponentError.swift */,
			);
			path = Utility;
			sourceTree = "<group>";
		};
		E1875B532CB63C6F0031C173 /* Tab Bar  */ = {
			isa = PBXGroup;
			children = (
				E1875B542CB63C890031C173 /* TabBar.swift */,
			);
			path = "Tab Bar ";
			sourceTree = "<group>";
		};
		E1875B582CB63F6F0031C173 /* Login */ = {
			isa = PBXGroup;
			children = (
				E1875B592CB63F7B0031C173 /* LoginView.swift */,
			);
			path = Login;
			sourceTree = "<group>";
		};
/* End PBXGroup section */

/* Begin PBXNativeTarget section */
		E1875AFA2CAE52400031C173 /* Components */ = {
			isa = PBXNativeTarget;
			buildConfigurationList = E1875B1F2CAE52440031C173 /* Build configuration list for PBXNativeTarget "Components" */;
			buildPhases = (
				E1875AF72CAE52400031C173 /* Sources */,
				E1875AF82CAE52400031C173 /* Frameworks */,
				E1875AF92CAE52400031C173 /* Resources */,
			);
			buildRules = (
			);
			dependencies = (
			);
			name = Components;
			productName = Components;
			productReference = E1875AFB2CAE52400031C173 /* Components.app */;
			productType = "com.apple.product-type.application";
		};
		E1875B0A2CAE52440031C173 /* ComponentsTests */ = {
			isa = PBXNativeTarget;
			buildConfigurationList = E1875B222CAE52440031C173 /* Build configuration list for PBXNativeTarget "ComponentsTests" */;
			buildPhases = (
				E1875B072CAE52440031C173 /* Sources */,
				E1875B082CAE52440031C173 /* Frameworks */,
				E1875B092CAE52440031C173 /* Resources */,
			);
			buildRules = (
			);
			dependencies = (
				E1875B0D2CAE52440031C173 /* PBXTargetDependency */,
			);
			name = ComponentsTests;
			productName = ComponentsTests;
			productReference = E1875B0B2CAE52440031C173 /* ComponentsTests.xctest */;
			productType = "com.apple.product-type.bundle.unit-test";
		};
		E1875B142CAE52440031C173 /* ComponentsUITests */ = {
			isa = PBXNativeTarget;
			buildConfigurationList = E1875B252CAE52440031C173 /* Build configuration list for PBXNativeTarget "ComponentsUITests" */;
			buildPhases = (
				E1875B112CAE52440031C173 /* Sources */,
				E1875B122CAE52440031C173 /* Frameworks */,
				E1875B132CAE52440031C173 /* Resources */,
			);
			buildRules = (
			);
			dependencies = (
				E1875B172CAE52440031C173 /* PBXTargetDependency */,
			);
			name = ComponentsUITests;
			productName = ComponentsUITests;
			productReference = E1875B152CAE52440031C173 /* ComponentsUITests.xctest */;
			productType = "com.apple.product-type.bundle.ui-testing";
		};
/* End PBXNativeTarget section */

/* Begin PBXProject section */
		E1875AF32CAE52400031C173 /* Project object */ = {
			isa = PBXProject;
			attributes = {
				BuildIndependentTargetsInParallel = 1;
				LastSwiftUpdateCheck = 1540;
				LastUpgradeCheck = 1540;
				TargetAttributes = {
					E1875AFA2CAE52400031C173 = {
						CreatedOnToolsVersion = 15.4;
					};
					E1875B0A2CAE52440031C173 = {
						CreatedOnToolsVersion = 15.4;
						TestTargetID = E1875AFA2CAE52400031C173;
					};
					E1875B142CAE52440031C173 = {
						CreatedOnToolsVersion = 15.4;
						TestTargetID = E1875AFA2CAE52400031C173;
					};
				};
			};
			buildConfigurationList = E1875AF62CAE52400031C173 /* Build configuration list for PBXProject "Components" */;
			compatibilityVersion = "Xcode 14.0";
			developmentRegion = en;
			hasScannedForEncodings = 0;
			knownRegions = (
				en,
				Base,
			);
			mainGroup = E1875AF22CAE52400031C173;
			productRefGroup = E1875AFC2CAE52400031C173 /* Products */;
			projectDirPath = "";
			projectRoot = "";
			targets = (
				E1875AFA2CAE52400031C173 /* Components */,
				E1875B0A2CAE52440031C173 /* ComponentsTests */,
				E1875B142CAE52440031C173 /* ComponentsUITests */,
			);
		};
/* End PBXProject section */

/* Begin PBXResourcesBuildPhase section */
		E1875AF92CAE52400031C173 /* Resources */ = {
			isa = PBXResourcesBuildPhase;
			buildActionMask = 2147483647;
			files = (
				E1875B062CAE52440031C173 /* Preview Assets.xcassets in Resources */,
				E1875B032CAE52440031C173 /* Assets.xcassets in Resources */,
				E1875B2E2CAE53300031C173 /* Products.json in Resources */,
			);
			runOnlyForDeploymentPostprocessing = 0;
		};
		E1875B092CAE52440031C173 /* Resources */ = {
			isa = PBXResourcesBuildPhase;
			buildActionMask = 2147483647;
			files = (
				E1875B2F2CAE53300031C173 /* Products.json in Resources */,
			);
			runOnlyForDeploymentPostprocessing = 0;
		};
		E1875B132CAE52440031C173 /* Resources */ = {
			isa = PBXResourcesBuildPhase;
			buildActionMask = 2147483647;
			files = (
				E1875B302CAE53300031C173 /* Products.json in Resources */,
			);
			runOnlyForDeploymentPostprocessing = 0;
		};
/* End PBXResourcesBuildPhase section */

/* Begin PBXSourcesBuildPhase section */
		E1875AF72CAE52400031C173 /* Sources */ = {
			isa = PBXSourcesBuildPhase;
			buildActionMask = 2147483647;
			files = (
				E1875B552CB63C890031C173 /* TabBar.swift in Sources */,
				E1875B012CAE52400031C173 /* ContentView.swift in Sources */,
				E1875B4B2CB39B750031C173 /* ProductDetailView.swift in Sources */,
				E1875B472CB398D10031C173 /* ComponentError.swift in Sources */,
				E1875B432CB398150031C173 /* Bundle+Extension.swift in Sources */,
				E1875B322CAE553F0031C173 /* Products.swift in Sources */,
				E1875B362CAE565A0031C173 /* ProductCell.swift in Sources */,
				E1875AFF2CAE52400031C173 /* ComponentsApp.swift in Sources */,
				E1875B5A2CB63F7B0031C173 /* LoginView.swift in Sources */,
				E1875B2A2CAE52CC0031C173 /* ProductsView.swift in Sources */,
			);
			runOnlyForDeploymentPostprocessing = 0;
		};
		E1875B072CAE52440031C173 /* Sources */ = {
			isa = PBXSourcesBuildPhase;
			buildActionMask = 2147483647;
			files = (
				E1875B332CAE553F0031C173 /* Products.swift in Sources */,
				E1875B4C2CB39B750031C173 /* ProductDetailView.swift in Sources */,
				E1875B442CB398150031C173 /* Bundle+Extension.swift in Sources */,
				E1875B5B2CB63F7B0031C173 /* LoginView.swift in Sources */,
				E1875B562CB63C890031C173 /* TabBar.swift in Sources */,
				E1875B372CAE565A0031C173 /* ProductCell.swift in Sources */,
				E1875B2B2CAE52CC0031C173 /* ProductsView.swift in Sources */,
				E1875B482CB398D10031C173 /* ComponentError.swift in Sources */,
				E1875B102CAE52440031C173 /* ComponentsTests.swift in Sources */,
			);
			runOnlyForDeploymentPostprocessing = 0;
		};
		E1875B112CAE52440031C173 /* Sources */ = {
			isa = PBXSourcesBuildPhase;
			buildActionMask = 2147483647;
			files = (
				E1875B572CB63C890031C173 /* TabBar.swift in Sources */,
				E1875B1C2CAE52440031C173 /* ComponentsUITestsLaunchTests.swift in Sources */,
				E1875B4D2CB39B750031C173 /* ProductDetailView.swift in Sources */,
				E1875B492CB398D10031C173 /* ComponentError.swift in Sources */,
				E1875B452CB398150031C173 /* Bundle+Extension.swift in Sources */,
				E1875B342CAE553F0031C173 /* Products.swift in Sources */,
				E1875B382CAE565A0031C173 /* ProductCell.swift in Sources */,
				E1875B1A2CAE52440031C173 /* ComponentsUITests.swift in Sources */,
				E1875B5C2CB63F7C0031C173 /* LoginView.swift in Sources */,
				E1875B2C2CAE52CC0031C173 /* ProductsView.swift in Sources */,
			);
			runOnlyForDeploymentPostprocessing = 0;
		};
/* End PBXSourcesBuildPhase section */

/* Begin PBXTargetDependency section */
		E1875B0D2CAE52440031C173 /* PBXTargetDependency */ = {
			isa = PBXTargetDependency;
			target = E1875AFA2CAE52400031C173 /* Components */;
			targetProxy = E1875B0C2CAE52440031C173 /* PBXContainerItemProxy */;
		};
		E1875B172CAE52440031C173 /* PBXTargetDependency */ = {
			isa = PBXTargetDependency;
			target = E1875AFA2CAE52400031C173 /* Components */;
			targetProxy = E1875B162CAE52440031C173 /* PBXContainerItemProxy */;
		};
/* End PBXTargetDependency section */

/* Begin XCBuildConfiguration section */
		E1875B1D2CAE52440031C173 /* Debug */ = {
			isa = XCBuildConfiguration;
			buildSettings = {
				ALWAYS_SEARCH_USER_PATHS = NO;
				ASSETCATALOG_COMPILER_GENERATE_SWIFT_ASSET_SYMBOL_EXTENSIONS = YES;
				CLANG_ANALYZER_NONNULL = YES;
				CLANG_ANALYZER_NUMBER_OBJECT_CONVERSION = YES_AGGRESSIVE;
				CLANG_CXX_LANGUAGE_STANDARD = "gnu++20";
				CLANG_ENABLE_MODULES = YES;
				CLANG_ENABLE_OBJC_ARC = YES;
				CLANG_ENABLE_OBJC_WEAK = YES;
				CLANG_WARN_BLOCK_CAPTURE_AUTORELEASING = YES;
				CLANG_WARN_BOOL_CONVERSION = YES;
				CLANG_WARN_COMMA = YES;
				CLANG_WARN_CONSTANT_CONVERSION = YES;
				CLANG_WARN_DEPRECATED_OBJC_IMPLEMENTATIONS = YES;
				CLANG_WARN_DIRECT_OBJC_ISA_USAGE = YES_ERROR;
				CLANG_WARN_DOCUMENTATION_COMMENTS = YES;
				CLANG_WARN_EMPTY_BODY = YES;
				CLANG_WARN_ENUM_CONVERSION = YES;
				CLANG_WARN_INFINITE_RECURSION = YES;
				CLANG_WARN_INT_CONVERSION = YES;
				CLANG_WARN_NON_LITERAL_NULL_CONVERSION = YES;
				CLANG_WARN_OBJC_IMPLICIT_RETAIN_SELF = YES;
				CLANG_WARN_OBJC_LITERAL_CONVERSION = YES;
				CLANG_WARN_OBJC_ROOT_CLASS = YES_ERROR;
				CLANG_WARN_QUOTED_INCLUDE_IN_FRAMEWORK_HEADER = YES;
				CLANG_WARN_RANGE_LOOP_ANALYSIS = YES;
				CLANG_WARN_STRICT_PROTOTYPES = YES;
				CLANG_WARN_SUSPICIOUS_MOVE = YES;
				CLANG_WARN_UNGUARDED_AVAILABILITY = YES_AGGRESSIVE;
				CLANG_WARN_UNREACHABLE_CODE = YES;
				CLANG_WARN__DUPLICATE_METHOD_MATCH = YES;
				COPY_PHASE_STRIP = NO;
				DEBUG_INFORMATION_FORMAT = dwarf;
				ENABLE_STRICT_OBJC_MSGSEND = YES;
				ENABLE_TESTABILITY = YES;
				ENABLE_USER_SCRIPT_SANDBOXING = YES;
				GCC_C_LANGUAGE_STANDARD = gnu17;
				GCC_DYNAMIC_NO_PIC = NO;
				GCC_NO_COMMON_BLOCKS = YES;
				GCC_OPTIMIZATION_LEVEL = 0;
				GCC_PREPROCESSOR_DEFINITIONS = (
					"DEBUG=1",
					"$(inherited)",
				);
				GCC_WARN_64_TO_32_BIT_CONVERSION = YES;
				GCC_WARN_ABOUT_RETURN_TYPE = YES_ERROR;
				GCC_WARN_UNDECLARED_SELECTOR = YES;
				GCC_WARN_UNINITIALIZED_AUTOS = YES_AGGRESSIVE;
				GCC_WARN_UNUSED_FUNCTION = YES;
				GCC_WARN_UNUSED_VARIABLE = YES;
				IPHONEOS_DEPLOYMENT_TARGET = 17.5;
				LOCALIZATION_PREFERS_STRING_CATALOGS = YES;
				MTL_ENABLE_DEBUG_INFO = INCLUDE_SOURCE;
				MTL_FAST_MATH = YES;
				ONLY_ACTIVE_ARCH = YES;
				SDKROOT = iphoneos;
				SWIFT_ACTIVE_COMPILATION_CONDITIONS = "DEBUG $(inherited)";
				SWIFT_OPTIMIZATION_LEVEL = "-Onone";
			};
			name = Debug;
		};
		E1875B1E2CAE52440031C173 /* Release */ = {
			isa = XCBuildConfiguration;
			buildSettings = {
				ALWAYS_SEARCH_USER_PATHS = NO;
				ASSETCATALOG_COMPILER_GENERATE_SWIFT_ASSET_SYMBOL_EXTENSIONS = YES;
				CLANG_ANALYZER_NONNULL = YES;
				CLANG_ANALYZER_NUMBER_OBJECT_CONVERSION = YES_AGGRESSIVE;
				CLANG_CXX_LANGUAGE_STANDARD = "gnu++20";
				CLANG_ENABLE_MODULES = YES;
				CLANG_ENABLE_OBJC_ARC = YES;
				CLANG_ENABLE_OBJC_WEAK = YES;
				CLANG_WARN_BLOCK_CAPTURE_AUTORELEASING = YES;
				CLANG_WARN_BOOL_CONVERSION = YES;
				CLANG_WARN_COMMA = YES;
				CLANG_WARN_CONSTANT_CONVERSION = YES;
				CLANG_WARN_DEPRECATED_OBJC_IMPLEMENTATIONS = YES;
				CLANG_WARN_DIRECT_OBJC_ISA_USAGE = YES_ERROR;
				CLANG_WARN_DOCUMENTATION_COMMENTS = YES;
				CLANG_WARN_EMPTY_BODY = YES;
				CLANG_WARN_ENUM_CONVERSION = YES;
				CLANG_WARN_INFINITE_RECURSION = YES;
				CLANG_WARN_INT_CONVERSION = YES;
				CLANG_WARN_NON_LITERAL_NULL_CONVERSION = YES;
				CLANG_WARN_OBJC_IMPLICIT_RETAIN_SELF = YES;
				CLANG_WARN_OBJC_LITERAL_CONVERSION = YES;
				CLANG_WARN_OBJC_ROOT_CLASS = YES_ERROR;
				CLANG_WARN_QUOTED_INCLUDE_IN_FRAMEWORK_HEADER = YES;
				CLANG_WARN_RANGE_LOOP_ANALYSIS = YES;
				CLANG_WARN_STRICT_PROTOTYPES = YES;
				CLANG_WARN_SUSPICIOUS_MOVE = YES;
				CLANG_WARN_UNGUARDED_AVAILABILITY = YES_AGGRESSIVE;
				CLANG_WARN_UNREACHABLE_CODE = YES;
				CLANG_WARN__DUPLICATE_METHOD_MATCH = YES;
				COPY_PHASE_STRIP = NO;
				DEBUG_INFORMATION_FORMAT = "dwarf-with-dsym";
				ENABLE_NS_ASSERTIONS = NO;
				ENABLE_STRICT_OBJC_MSGSEND = YES;
				ENABLE_USER_SCRIPT_SANDBOXING = YES;
				GCC_C_LANGUAGE_STANDARD = gnu17;
				GCC_NO_COMMON_BLOCKS = YES;
				GCC_WARN_64_TO_32_BIT_CONVERSION = YES;
				GCC_WARN_ABOUT_RETURN_TYPE = YES_ERROR;
				GCC_WARN_UNDECLARED_SELECTOR = YES;
				GCC_WARN_UNINITIALIZED_AUTOS = YES_AGGRESSIVE;
				GCC_WARN_UNUSED_FUNCTION = YES;
				GCC_WARN_UNUSED_VARIABLE = YES;
				IPHONEOS_DEPLOYMENT_TARGET = 17.5;
				LOCALIZATION_PREFERS_STRING_CATALOGS = YES;
				MTL_ENABLE_DEBUG_INFO = NO;
				MTL_FAST_MATH = YES;
				SDKROOT = iphoneos;
				SWIFT_COMPILATION_MODE = wholemodule;
				VALIDATE_PRODUCT = YES;
			};
			name = Release;
		};
		E1875B202CAE52440031C173 /* Debug */ = {
			isa = XCBuildConfiguration;
			buildSettings = {
				ASSETCATALOG_COMPILER_APPICON_NAME = AppIcon;
				ASSETCATALOG_COMPILER_GLOBAL_ACCENT_COLOR_NAME = AccentColor;
				CODE_SIGN_STYLE = Automatic;
				CURRENT_PROJECT_VERSION = 1;
				DEVELOPMENT_ASSET_PATHS = "\"Components/Preview Content\"";
				ENABLE_PREVIEWS = YES;
				GENERATE_INFOPLIST_FILE = YES;
				INFOPLIST_KEY_UIApplicationSceneManifest_Generation = YES;
				INFOPLIST_KEY_UIApplicationSupportsIndirectInputEvents = YES;
				INFOPLIST_KEY_UILaunchScreen_Generation = YES;
				INFOPLIST_KEY_UISupportedInterfaceOrientations_iPad = "UIInterfaceOrientationPortrait UIInterfaceOrientationPortraitUpsideDown UIInterfaceOrientationLandscapeLeft UIInterfaceOrientationLandscapeRight";
				INFOPLIST_KEY_UISupportedInterfaceOrientations_iPhone = "UIInterfaceOrientationPortrait UIInterfaceOrientationLandscapeLeft UIInterfaceOrientationLandscapeRight";
				LD_RUNPATH_SEARCH_PATHS = (
					"$(inherited)",
					"@executable_path/Frameworks",
				);
				MARKETING_VERSION = 1.0;
				PRODUCT_BUNDLE_IDENTIFIER = com.ACTE.Components;
				PRODUCT_NAME = "$(TARGET_NAME)";
				SWIFT_EMIT_LOC_STRINGS = YES;
				SWIFT_VERSION = 5.0;
				TARGETED_DEVICE_FAMILY = "1,2";
			};
			name = Debug;
		};
		E1875B212CAE52440031C173 /* Release */ = {
			isa = XCBuildConfiguration;
			buildSettings = {
				ASSETCATALOG_COMPILER_APPICON_NAME = AppIcon;
				ASSETCATALOG_COMPILER_GLOBAL_ACCENT_COLOR_NAME = AccentColor;
				CODE_SIGN_STYLE = Automatic;
				CURRENT_PROJECT_VERSION = 1;
				DEVELOPMENT_ASSET_PATHS = "\"Components/Preview Content\"";
				ENABLE_PREVIEWS = YES;
				GENERATE_INFOPLIST_FILE = YES;
				INFOPLIST_KEY_UIApplicationSceneManifest_Generation = YES;
				INFOPLIST_KEY_UIApplicationSupportsIndirectInputEvents = YES;
				INFOPLIST_KEY_UILaunchScreen_Generation = YES;
				INFOPLIST_KEY_UISupportedInterfaceOrientations_iPad = "UIInterfaceOrientationPortrait UIInterfaceOrientationPortraitUpsideDown UIInterfaceOrientationLandscapeLeft UIInterfaceOrientationLandscapeRight";
				INFOPLIST_KEY_UISupportedInterfaceOrientations_iPhone = "UIInterfaceOrientationPortrait UIInterfaceOrientationLandscapeLeft UIInterfaceOrientationLandscapeRight";
				LD_RUNPATH_SEARCH_PATHS = (
					"$(inherited)",
					"@executable_path/Frameworks",
				);
				MARKETING_VERSION = 1.0;
				PRODUCT_BUNDLE_IDENTIFIER = com.ACTE.Components;
				PRODUCT_NAME = "$(TARGET_NAME)";
				SWIFT_EMIT_LOC_STRINGS = YES;
				SWIFT_VERSION = 5.0;
				TARGETED_DEVICE_FAMILY = "1,2";
			};
			name = Release;
		};
		E1875B232CAE52440031C173 /* Debug */ = {
			isa = XCBuildConfiguration;
			buildSettings = {
				ALWAYS_EMBED_SWIFT_STANDARD_LIBRARIES = YES;
				BUNDLE_LOADER = "$(TEST_HOST)";
				CODE_SIGN_STYLE = Automatic;
				CURRENT_PROJECT_VERSION = 1;
				GENERATE_INFOPLIST_FILE = YES;
				IPHONEOS_DEPLOYMENT_TARGET = 17.5;
				MARKETING_VERSION = 1.0;
				PRODUCT_BUNDLE_IDENTIFIER = com.ACTE.ComponentsTests;
				PRODUCT_NAME = "$(TARGET_NAME)";
				SWIFT_EMIT_LOC_STRINGS = NO;
				SWIFT_VERSION = 5.0;
				TARGETED_DEVICE_FAMILY = "1,2";
				TEST_HOST = "$(BUILT_PRODUCTS_DIR)/Components.app/$(BUNDLE_EXECUTABLE_FOLDER_PATH)/Components";
			};
			name = Debug;
		};
		E1875B242CAE52440031C173 /* Release */ = {
			isa = XCBuildConfiguration;
			buildSettings = {
				ALWAYS_EMBED_SWIFT_STANDARD_LIBRARIES = YES;
				BUNDLE_LOADER = "$(TEST_HOST)";
				CODE_SIGN_STYLE = Automatic;
				CURRENT_PROJECT_VERSION = 1;
				GENERATE_INFOPLIST_FILE = YES;
				IPHONEOS_DEPLOYMENT_TARGET = 17.5;
				MARKETING_VERSION = 1.0;
				PRODUCT_BUNDLE_IDENTIFIER = com.ACTE.ComponentsTests;
				PRODUCT_NAME = "$(TARGET_NAME)";
				SWIFT_EMIT_LOC_STRINGS = NO;
				SWIFT_VERSION = 5.0;
				TARGETED_DEVICE_FAMILY = "1,2";
				TEST_HOST = "$(BUILT_PRODUCTS_DIR)/Components.app/$(BUNDLE_EXECUTABLE_FOLDER_PATH)/Components";
			};
			name = Release;
		};
		E1875B262CAE52440031C173 /* Debug */ = {
			isa = XCBuildConfiguration;
			buildSettings = {
				ALWAYS_EMBED_SWIFT_STANDARD_LIBRARIES = YES;
				CODE_SIGN_STYLE = Automatic;
				CURRENT_PROJECT_VERSION = 1;
				GENERATE_INFOPLIST_FILE = YES;
				MARKETING_VERSION = 1.0;
				PRODUCT_BUNDLE_IDENTIFIER = com.ACTE.ComponentsUITests;
				PRODUCT_NAME = "$(TARGET_NAME)";
				SWIFT_EMIT_LOC_STRINGS = NO;
				SWIFT_VERSION = 5.0;
				TARGETED_DEVICE_FAMILY = "1,2";
				TEST_TARGET_NAME = Components;
			};
			name = Debug;
		};
		E1875B272CAE52440031C173 /* Release */ = {
			isa = XCBuildConfiguration;
			buildSettings = {
				ALWAYS_EMBED_SWIFT_STANDARD_LIBRARIES = YES;
				CODE_SIGN_STYLE = Automatic;
				CURRENT_PROJECT_VERSION = 1;
				GENERATE_INFOPLIST_FILE = YES;
				MARKETING_VERSION = 1.0;
				PRODUCT_BUNDLE_IDENTIFIER = com.ACTE.ComponentsUITests;
				PRODUCT_NAME = "$(TARGET_NAME)";
				SWIFT_EMIT_LOC_STRINGS = NO;
				SWIFT_VERSION = 5.0;
				TARGETED_DEVICE_FAMILY = "1,2";
				TEST_TARGET_NAME = Components;
			};
			name = Release;
		};
/* End XCBuildConfiguration section */

/* Begin XCConfigurationList section */
		E1875AF62CAE52400031C173 /* Build configuration list for PBXProject "Components" */ = {
			isa = XCConfigurationList;
			buildConfigurations = (
				E1875B1D2CAE52440031C173 /* Debug */,
				E1875B1E2CAE52440031C173 /* Release */,
			);
			defaultConfigurationIsVisible = 0;
			defaultConfigurationName = Release;
		};
		E1875B1F2CAE52440031C173 /* Build configuration list for PBXNativeTarget "Components" */ = {
			isa = XCConfigurationList;
			buildConfigurations = (
				E1875B202CAE52440031C173 /* Debug */,
				E1875B212CAE52440031C173 /* Release */,
			);
			defaultConfigurationIsVisible = 0;
			defaultConfigurationName = Release;
		};
		E1875B222CAE52440031C173 /* Build configuration list for PBXNativeTarget "ComponentsTests" */ = {
			isa = XCConfigurationList;
			buildConfigurations = (
				E1875B232CAE52440031C173 /* Debug */,
				E1875B242CAE52440031C173 /* Release */,
			);
			defaultConfigurationIsVisible = 0;
			defaultConfigurationName = Release;
		};
		E1875B252CAE52440031C173 /* Build configuration list for PBXNativeTarget "ComponentsUITests" */ = {
			isa = XCConfigurationList;
			buildConfigurations = (
				E1875B262CAE52440031C173 /* Debug */,
				E1875B272CAE52440031C173 /* Release */,
			);
			defaultConfigurationIsVisible = 0;
			defaultConfigurationName = Release;
		};
/* End XCConfigurationList section */
	};
	rootObject = E1875AF32CAE52400031C173 /* Project object */;
}
